
Microsoft Visual Studio Solution File, Format Version 12.00
# Visual Studio Version 17
VisualStudioVersion = 17.5.002.0
MinimumVisualStudioVersion = 10.0.40219.1
Project("{9A19103F-16F7-4668-BE54-9A1E7A4F7556}") = "auth", "auth.csproj", "{EFDC2987-E375-4FCA-9C39-A6A0A1B4E860}"
EndProject
Global
	GlobalSection(SolutionConfigurationPlatforms) = preSolution
		Debug|Any CPU = Debug|Any CPU
		Release|Any CPU = Release|Any CPU
	EndGlobalSection
	GlobalSection(ProjectConfigurationPlatforms) = postSolution
		{EFDC2987-E375-4FCA-9C39-A6A0A1B4E860}.Debug|Any CPU.ActiveCfg = Debug|Any CPU
		{EFDC2987-E375-4FCA-9C39-A6A0A1B4E860}.Debug|Any CPU.Build.0 = Debug|Any CPU
		{EFDC2987-E375-4FCA-9C39-A6A0A1B4E860}.Release|Any CPU.ActiveCfg = Release|Any CPU
		{EFDC2987-E375-4FCA-9C39-A6A0A1B4E860}.Release|Any CPU.Build.0 = Release|Any CPU
	EndGlobalSection
	GlobalSection(SolutionProperties) = preSolution
		HideSolutionNode = FALSE
	EndGlobalSection
	GlobalSection(ExtensibilityGlobals) = postSolution
		SolutionGuid = {CDEC3A2D-96E7-4634-A3CB-35D297F6F0F0}
	EndGlobalSection
EndGlobal
